
Microsoft Visual Studio Solution File, Format Version 12.00
# Visual Studio Version 16
VisualStudioVersion = 16.0.31829.152
MinimumVisualStudioVersion = 10.0.40219.1
Project("{9A19103F-16F7-4668-BE54-9A1E7A4F7556}") = "Multiflex.Logic", "Multiflex.Logic\Multiflex.Logic.csproj", "{03081168-5372-466D-A624-8A0E6B8AB4E0}"
EndProject
Project("{9A19103F-16F7-4668-BE54-9A1E7A4F7556}") = "Multiflex.ConApp", "MultiFlex.ConApp\Multiflex.ConApp.csproj", "{3A24945C-C0B3-4897-B563-3BE54340C8A7}"
EndProject
Project("{9A19103F-16F7-4668-BE54-9A1E7A4F7556}") = "Multiflex.Logic.UnitTest", "Multiflex.Logic.UnitTest\Multiflex.Logic.UnitTest.csproj", "{48307B25-23D9-4191-AE7A-E98F175D89DB}"
EndProject
Project("{9A19103F-16F7-4668-BE54-9A1E7A4F7556}") = "Multiflex.Data", "Multiflex.Data\Multiflex.Data.csproj", "{26899BA7-89BB-42E8-9620-56E2282BBDD2}"
EndProject
Global
	GlobalSection(SolutionConfigurationPlatforms) = preSolution
		Debug|Any CPU = Debug|Any CPU
		Release|Any CPU = Release|Any CPU
	EndGlobalSection
	GlobalSection(ProjectConfigurationPlatforms) = postSolution
		{03081168-5372-466D-A624-8A0E6B8AB4E0}.Debug|Any CPU.ActiveCfg = Debug|Any CPU
		{03081168-5372-466D-A624-8A0E6B8AB4E0}.Debug|Any CPU.Build.0 = Debug|Any CPU
		{03081168-5372-466D-A624-8A0E6B8AB4E0}.Release|Any CPU.ActiveCfg = Release|Any CPU
		{03081168-5372-466D-A624-8A0E6B8AB4E0}.Release|Any CPU.Build.0 = Release|Any CPU
		{3A24945C-C0B3-4897-B563-3BE54340C8A7}.Debug|Any CPU.ActiveCfg = Debug|Any CPU
		{3A24945C-C0B3-4897-B563-3BE54340C8A7}.Debug|Any CPU.Build.0 = Debug|Any CPU
		{3A24945C-C0B3-4897-B563-3BE54340C8A7}.Release|Any CPU.ActiveCfg = Release|Any CPU
		{3A24945C-C0B3-4897-B563-3BE54340C8A7}.Release|Any CPU.Build.0 = Release|Any CPU
		{48307B25-23D9-4191-AE7A-E98F175D89DB}.Debug|Any CPU.ActiveCfg = Debug|Any CPU
		{48307B25-23D9-4191-AE7A-E98F175D89DB}.Debug|Any CPU.Build.0 = Debug|Any CPU
		{48307B25-23D9-4191-AE7A-E98F175D89DB}.Release|Any CPU.ActiveCfg = Release|Any CPU
		{48307B25-23D9-4191-AE7A-E98F175D89DB}.Release|Any CPU.Build.0 = Release|Any CPU
		{26899BA7-89BB-42E8-9620-56E2282BBDD2}.Debug|Any CPU.ActiveCfg = Debug|Any CPU
		{26899BA7-89BB-42E8-9620-56E2282BBDD2}.Debug|Any CPU.Build.0 = Debug|Any CPU
		{26899BA7-89BB-42E8-9620-56E2282BBDD2}.Release|Any CPU.ActiveCfg = Release|Any CPU
		{26899BA7-89BB-42E8-9620-56E2282BBDD2}.Release|Any CPU.Build.0 = Release|Any CPU
	EndGlobalSection
	GlobalSection(SolutionProperties) = preSolution
		HideSolutionNode = FALSE
	EndGlobalSection
	GlobalSection(ExtensibilityGlobals) = postSolution
		SolutionGuid = {E3E5E9BE-549F-41F7-87EF-1ACE1F083AFC}
	EndGlobalSection
EndGlobal
