
Microsoft Visual Studio Solution File, Format Version 12.00
# Visual Studio Version 17
VisualStudioVersion = 17.0.31903.59
MinimumVisualStudioVersion = 10.0.40219.1
Project("{FAE04EC0-301F-11D3-BF4B-00C04F79EFBC}") = "Multiflex.Backend.Logic", "Multiflex.Backend.Logic\Multiflex.Backend.Logic.csproj", "{949DAA8C-3684-41D4-A1FD-A72B386A63AB}"
EndProject
Project("{FAE04EC0-301F-11D3-BF4B-00C04F79EFBC}") = "Multiflex.Backend.Logic.UnitTest", "Multiflex.Backend.Logic.UnitTest\Multiflex.Backend.Logic.UnitTest.csproj", "{A9A1129B-59C2-44D5-9154-0D21CF765E5A}"
EndProject
Global
	GlobalSection(SolutionConfigurationPlatforms) = preSolution
		Debug|Any CPU = Debug|Any CPU
		Release|Any CPU = Release|Any CPU
	EndGlobalSection
	GlobalSection(ProjectConfigurationPlatforms) = postSolution
		{949DAA8C-3684-41D4-A1FD-A72B386A63AB}.Debug|Any CPU.ActiveCfg = Debug|Any CPU
		{949DAA8C-3684-41D4-A1FD-A72B386A63AB}.Debug|Any CPU.Build.0 = Debug|Any CPU
		{949DAA8C-3684-41D4-A1FD-A72B386A63AB}.Release|Any CPU.ActiveCfg = Release|Any CPU
		{949DAA8C-3684-41D4-A1FD-A72B386A63AB}.Release|Any CPU.Build.0 = Release|Any CPU
		{A9A1129B-59C2-44D5-9154-0D21CF765E5A}.Debug|Any CPU.ActiveCfg = Debug|Any CPU
		{A9A1129B-59C2-44D5-9154-0D21CF765E5A}.Debug|Any CPU.Build.0 = Debug|Any CPU
		{A9A1129B-59C2-44D5-9154-0D21CF765E5A}.Release|Any CPU.ActiveCfg = Release|Any CPU
		{A9A1129B-59C2-44D5-9154-0D21CF765E5A}.Release|Any CPU.Build.0 = Release|Any CPU
	EndGlobalSection
	GlobalSection(SolutionProperties) = preSolution
		HideSolutionNode = FALSE
	EndGlobalSection
	GlobalSection(ExtensibilityGlobals) = postSolution
		SolutionGuid = {C8AA50A1-D7B6-4A92-9033-873F4EE9DC1C}
	EndGlobalSection
EndGlobal
