
Microsoft Visual Studio Solution File, Format Version 12.00
# Visual Studio Version 17
VisualStudioVersion = 17.0.31903.59
MinimumVisualStudioVersion = 10.0.40219.1
Project("{FAE04EC0-301F-11D3-BF4B-00C04F79EFBC}") = "Multiflex.WebApp", "Multiflex.WebApp\Multiflex.WebApp.csproj", "{DD7A69B7-374E-4499-9A89-A1E3D2D3ADAB}"
EndProject
Global
	GlobalSection(SolutionConfigurationPlatforms) = preSolution
		Debug|Any CPU = Debug|Any CPU
		Release|Any CPU = Release|Any CPU
	EndGlobalSection
	GlobalSection(ProjectConfigurationPlatforms) = postSolution
		{DD7A69B7-374E-4499-9A89-A1E3D2D3ADAB}.Debug|Any CPU.ActiveCfg = Debug|Any CPU
		{DD7A69B7-374E-4499-9A89-A1E3D2D3ADAB}.Debug|Any CPU.Build.0 = Debug|Any CPU
		{DD7A69B7-374E-4499-9A89-A1E3D2D3ADAB}.Release|Any CPU.ActiveCfg = Release|Any CPU
		{DD7A69B7-374E-4499-9A89-A1E3D2D3ADAB}.Release|Any CPU.Build.0 = Release|Any CPU
	EndGlobalSection
	GlobalSection(SolutionProperties) = preSolution
		HideSolutionNode = FALSE
	EndGlobalSection
	GlobalSection(ExtensibilityGlobals) = postSolution
		SolutionGuid = {8FCBD18B-309A-4228-85EC-5D59EB0C91F5}
	EndGlobalSection
EndGlobal
